
Microsoft Visual Studio Solution File, Format Version 12.00
# Visual Studio Version 18
VisualStudioVersion = 18.0.11109.219
MinimumVisualStudioVersion = 10.0.40219.1
Project("{2150E333-8FDC-42A3-9474-1A3956D46DE8}") = "Services", "Services", "{D2C51FF6-2051-4A2E-829D-EE8DF9766886}"
EndProject
Project("{2150E333-8FDC-42A3-9474-1A3956D46DE8}") = "Catalog", "Catalog", "{1D30FB42-B71A-4B75-882B-14B67E3DBC66}"
EndProject
Project("{FAE04EC0-301F-11D3-BF4B-00C04F79EFBC}") = "Catalog.API", "Services\Catalog\Catalog.API\Catalog.API.csproj", "{10EE2B26-BB22-4893-B681-54B5826A36C4}"
EndProject
Project("{FAE04EC0-301F-11D3-BF4B-00C04F79EFBC}") = "Catalog.Application", "Services\Catalog\Catalog.Application\Catalog.Application.csproj", "{1129EA4F-94DE-4B19-A9F4-2C47FD1903F2}"
EndProject
Project("{FAE04EC0-301F-11D3-BF4B-00C04F79EFBC}") = "Catalog.Core", "Services\Catalog\Catalog.Core\Catalog.Core.csproj", "{562835C6-4FD0-4644-BD54-42A5F61D4551}"
EndProject
Project("{FAE04EC0-301F-11D3-BF4B-00C04F79EFBC}") = "Catalog.Infrastructure", "Services\Catalog\Catalog.Infrastructure\Catalog.Infrastructure.csproj", "{C5882A23-4D9C-425C-9352-CC153B78456B}"
EndProject
Project("{E53339B2-1760-4266-BCC7-CA923CBCF16C}") = "docker-compose", "docker-compose.dcproj", "{6F8AE836-38CE-46A6-910D-184EAABC4B95}"
EndProject
Project("{2150E333-8FDC-42A3-9474-1A3956D46DE8}") = "Basket", "Basket", "{5D324A17-A4F7-444C-9096-1B4A887FDDC4}"
EndProject
Project("{FAE04EC0-301F-11D3-BF4B-00C04F79EFBC}") = "Basket.API", "Services\Basket\Basket.API\Basket.API.csproj", "{46D26060-A1B6-4578-85F8-833807753736}"
EndProject
Project("{FAE04EC0-301F-11D3-BF4B-00C04F79EFBC}") = "Basket.Core", "Services\Basket\Basket.Core\Basket.Core.csproj", "{92F53BEE-621C-44C8-9C22-C83DEC431F84}"
EndProject
Project("{FAE04EC0-301F-11D3-BF4B-00C04F79EFBC}") = "Basket.Application", "Services\Basket\Basket.Application\Basket.Application.csproj", "{A317137E-D8AD-4FB3-827D-AA66FA62AC48}"
EndProject
Project("{FAE04EC0-301F-11D3-BF4B-00C04F79EFBC}") = "Basket.Infrastructure", "Services\Basket\Basket.Infrastructure\Basket.Infrastructure.csproj", "{30D09280-FC4A-4ABE-B328-FB2B16419617}"
EndProject
Project("{2150E333-8FDC-42A3-9474-1A3956D46DE8}") = "Discount", "Discount", "{B2D90B7C-3EDE-4075-BB7F-2C2F533F9EA8}"
EndProject
Project("{FAE04EC0-301F-11D3-BF4B-00C04F79EFBC}") = "Discount.API", "Services\discount\Discount.API\Discount.API.csproj", "{26C5A4DC-27CA-4178-AEA1-4BB29815C20F}"
EndProject
Project("{FAE04EC0-301F-11D3-BF4B-00C04F79EFBC}") = "Discount.Application", "Services\discount\Discount.Application\Discount.Application.csproj", "{34174A71-4EB0-4E72-AC5B-9CD4183D810D}"
EndProject
Project("{FAE04EC0-301F-11D3-BF4B-00C04F79EFBC}") = "Discount.Core", "Services\discount\Discount.Core\Discount.Core.csproj", "{20687FD1-D31C-48D9-B7AC-11A269AB4167}"
EndProject
Project("{FAE04EC0-301F-11D3-BF4B-00C04F79EFBC}") = "Discount.Infrastructure", "Services\discount\Discount.Infrastructure\Discount.Infrastructure.csproj", "{FCC4DA85-C0CF-4334-B006-8C211F78FFAA}"
EndProject
Project("{2150E333-8FDC-42A3-9474-1A3956D46DE8}") = "Ordering", "Ordering", "{D7E63E92-73BC-48C7-947E-6A8AA66F076A}"
EndProject
Project("{FAE04EC0-301F-11D3-BF4B-00C04F79EFBC}") = "Ordering.API", "Services\Ordering\Ordering.API\Ordering.API.csproj", "{142277B9-CDFF-4F31-93E1-26D95206F787}"
EndProject
Project("{FAE04EC0-301F-11D3-BF4B-00C04F79EFBC}") = "Ordering.Core", "Services\Ordering\Ordering.Core\Ordering.Core.csproj", "{0E169E27-87CC-418A-9C89-5E7C3C53499D}"
EndProject
Project("{FAE04EC0-301F-11D3-BF4B-00C04F79EFBC}") = "Ordering.Application", "Services\Ordering\Ordering.Application\Ordering.Application.csproj", "{92B965E5-5628-4B13-AC38-9D660BE96382}"
EndProject
Project("{FAE04EC0-301F-11D3-BF4B-00C04F79EFBC}") = "Ordering.Infrastructure", "Services\Ordering\Ordering.Infrastructure\Ordering.Infrastructure.csproj", "{847E0D5F-9B2E-4C08-ACC9-11B3F0E8CE25}"
EndProject
Project("{2150E333-8FDC-42A3-9474-1A3956D46DE8}") = "Infrastructure", "Infrastructure", "{05CC7355-41BA-4182-A967-2F40B80581AD}"
EndProject
Project("{FAE04EC0-301F-11D3-BF4B-00C04F79EFBC}") = "EventBus.Messages", "Infrastructure\EventBus.Messages\EventBus.Messages.csproj", "{3354FAD4-0A03-4B1C-B64E-DF0C9BB12AE9}"
EndProject
Project("{FAE04EC0-301F-11D3-BF4B-00C04F79EFBC}") = "Common.Logging", "Infrastructure\Common.Logging\Common.Logging.csproj", "{9D5DC2AD-6E56-43E8-8EDE-F9A22B0A0BA5}"
EndProject
Project("{2150E333-8FDC-42A3-9474-1A3956D46DE8}") = "ApiGateways", "ApiGateways", "{02EA681E-C7D8-13C7-8484-4AC65E1B71E8}"
EndProject
Project("{FAE04EC0-301F-11D3-BF4B-00C04F79EFBC}") = "Ocelot.ApiGateways", "ApiGateways\Ocelot.ApiGateways\Ocelot.ApiGateways.csproj", "{403A930C-7588-4FF5-9217-D48AE073672F}"
EndProject
Project("{FAE04EC0-301F-11D3-BF4B-00C04F79EFBC}") = "IdentityServerAspNetIdentity", "Infrastructure\IdentityServerAspNetIdentity\IdentityServerAspNetIdentity.csproj", "{51C1EFA1-49ED-8DFA-52F1-FB7E3363BD7E}"
EndProject
Project("{2150E333-8FDC-42A3-9474-1A3956D46DE8}") = "nginx", "nginx", "{FBC898DD-DA94-48AD-9DE8-7FC896D43E90}"
	ProjectSection(SolutionItems) = preProject
		ApiGateways\nginx\id-local.conf = ApiGateways\nginx\id-local.conf
		ApiGateways\nginx\id-local.crt = ApiGateways\nginx\id-local.crt
		ApiGateways\nginx\id-local.key = ApiGateways\nginx\id-local.key
		ApiGateways\nginx\id-local.pfx = ApiGateways\nginx\id-local.pfx
		ApiGateways\nginx\nginx.Dockerfile = ApiGateways\nginx\nginx.Dockerfile
		ApiGateways\nginx\nginx.local.conf = ApiGateways\nginx\nginx.local.conf
	EndProjectSection
EndProject
Project("{E24C65DC-7377-472B-9ABA-BC803B73C61A}") = "client", "client\", "{F03FED76-20DB-B30E-51FF-188119B1BFB7}"
	ProjectSection(WebsiteProperties) = preProject
		TargetFrameworkMoniker = ".NETFramework,Version%3Dv4.8"
		Debug.AspNetCompiler.VirtualPath = "/localhost_65345"
		Debug.AspNetCompiler.PhysicalPath = "client\"
		Debug.AspNetCompiler.TargetPath = "PrecompiledWeb\localhost_65345\"
		Debug.AspNetCompiler.Updateable = "true"
		Debug.AspNetCompiler.ForceOverwrite = "true"
		Debug.AspNetCompiler.FixedNames = "false"
		Debug.AspNetCompiler.Debug = "True"
		Release.AspNetCompiler.VirtualPath = "/localhost_65345"
		Release.AspNetCompiler.PhysicalPath = "client\"
		Release.AspNetCompiler.TargetPath = "PrecompiledWeb\localhost_65345\"
		Release.AspNetCompiler.Updateable = "true"
		Release.AspNetCompiler.ForceOverwrite = "true"
		Release.AspNetCompiler.FixedNames = "false"
		Release.AspNetCompiler.Debug = "False"
		VWDPort = "65345"
		SlnRelativePath = "client\"
	EndProjectSection
EndProject
Project("{2150E333-8FDC-42A3-9474-1A3956D46DE8}") = "Aspire", "Aspire", "{7D2A1ADB-9494-4C18-9586-1912BCD8A217}"
EndProject
Project("{FAE04EC0-301F-11D3-BF4B-00C04F79EFBC}") = "AppHost", "Aspire\AppHost\AppHost.csproj", "{212CD2C2-0622-49B9-B221-4435BC5EB2A8}"
EndProject
Project("{FAE04EC0-301F-11D3-BF4B-00C04F79EFBC}") = "ServiceDefaults", "Aspire\ServiceDefaults\ServiceDefaults.csproj", "{EE83A0FF-ADB3-4E5A-8E1F-80B34D18899A}"
EndProject
Project("{2150E333-8FDC-42A3-9474-1A3956D46DE8}") = "Deployments", "Deployments", "{FF7A2F53-7462-4F7F-ACA4-68D02844CCC7}"
EndProject
Project("{2150E333-8FDC-42A3-9474-1A3956D46DE8}") = "k8s", "k8s", "{720F491F-13E3-4D99-AB27-138B3D2D8EAB}"
EndProject
Project("{2150E333-8FDC-42A3-9474-1A3956D46DE8}") = "catalog", "catalog", "{539447C2-BFB1-499F-B117-0A4DFD820FE0}"
EndProject
Project("{2150E333-8FDC-42A3-9474-1A3956D46DE8}") = "catalog-api", "catalog-api", "{84FD85D4-A550-47F4-83E6-C80BCE121377}"
	ProjectSection(SolutionItems) = preProject
		Deployments\k8s\catalog\catalog-api\catalog-api.yaml = Deployments\k8s\catalog\catalog-api\catalog-api.yaml
	EndProjectSection
EndProject
Project("{2150E333-8FDC-42A3-9474-1A3956D46DE8}") = "catalog-db", "catalog-db", "{3523F1FB-FA20-4C1F-9072-792173E81191}"
	ProjectSection(SolutionItems) = preProject
		Deployments\k8s\catalog\catalog-db\mongo-configmap.yaml = Deployments\k8s\catalog\catalog-db\mongo-configmap.yaml
		Deployments\k8s\catalog\catalog-db\catalog-db.yaml = Deployments\k8s\catalog\catalog-db\catalog-db.yaml
		Deployments\k8s\catalog\catalog-db\mongo-secret.yaml = Deployments\k8s\catalog\catalog-db\mongo-secret.yaml
	EndProjectSection
EndProject
Project("{2150E333-8FDC-42A3-9474-1A3956D46DE8}") = "basket", "basket", "{EFD8041D-AD0C-4F78-8D00-C1628F47197C}"
EndProject
Project("{2150E333-8FDC-42A3-9474-1A3956D46DE8}") = "helm", "helm", "{3155517F-1854-4E86-B1B0-4FD6E5449BC0}"
EndProject
Global
	GlobalSection(SolutionConfigurationPlatforms) = preSolution
		Debug|Any CPU = Debug|Any CPU
		Release|Any CPU = Release|Any CPU
	EndGlobalSection
	GlobalSection(ProjectConfigurationPlatforms) = postSolution
		{10EE2B26-BB22-4893-B681-54B5826A36C4}.Debug|Any CPU.ActiveCfg = Debug|Any CPU
		{10EE2B26-BB22-4893-B681-54B5826A36C4}.Debug|Any CPU.Build.0 = Debug|Any CPU
		{10EE2B26-BB22-4893-B681-54B5826A36C4}.Release|Any CPU.ActiveCfg = Release|Any CPU
		{10EE2B26-BB22-4893-B681-54B5826A36C4}.Release|Any CPU.Build.0 = Release|Any CPU
		{1129EA4F-94DE-4B19-A9F4-2C47FD1903F2}.Debug|Any CPU.ActiveCfg = Debug|Any CPU
		{1129EA4F-94DE-4B19-A9F4-2C47FD1903F2}.Debug|Any CPU.Build.0 = Debug|Any CPU
		{1129EA4F-94DE-4B19-A9F4-2C47FD1903F2}.Release|Any CPU.ActiveCfg = Release|Any CPU
		{1129EA4F-94DE-4B19-A9F4-2C47FD1903F2}.Release|Any CPU.Build.0 = Release|Any CPU
		{562835C6-4FD0-4644-BD54-42A5F61D4551}.Debug|Any CPU.ActiveCfg = Debug|Any CPU
		{562835C6-4FD0-4644-BD54-42A5F61D4551}.Debug|Any CPU.Build.0 = Debug|Any CPU
		{562835C6-4FD0-4644-BD54-42A5F61D4551}.Release|Any CPU.ActiveCfg = Release|Any CPU
		{562835C6-4FD0-4644-BD54-42A5F61D4551}.Release|Any CPU.Build.0 = Release|Any CPU
		{C5882A23-4D9C-425C-9352-CC153B78456B}.Debug|Any CPU.ActiveCfg = Debug|Any CPU
		{C5882A23-4D9C-425C-9352-CC153B78456B}.Debug|Any CPU.Build.0 = Debug|Any CPU
		{C5882A23-4D9C-425C-9352-CC153B78456B}.Release|Any CPU.ActiveCfg = Release|Any CPU
		{C5882A23-4D9C-425C-9352-CC153B78456B}.Release|Any CPU.Build.0 = Release|Any CPU
		{6F8AE836-38CE-46A6-910D-184EAABC4B95}.Debug|Any CPU.ActiveCfg = Debug|Any CPU
		{6F8AE836-38CE-46A6-910D-184EAABC4B95}.Debug|Any CPU.Build.0 = Debug|Any CPU
		{6F8AE836-38CE-46A6-910D-184EAABC4B95}.Release|Any CPU.ActiveCfg = Release|Any CPU
		{6F8AE836-38CE-46A6-910D-184EAABC4B95}.Release|Any CPU.Build.0 = Release|Any CPU
		{46D26060-A1B6-4578-85F8-833807753736}.Debug|Any CPU.ActiveCfg = Debug|Any CPU
		{46D26060-A1B6-4578-85F8-833807753736}.Debug|Any CPU.Build.0 = Debug|Any CPU
		{46D26060-A1B6-4578-85F8-833807753736}.Release|Any CPU.ActiveCfg = Release|Any CPU
		{46D26060-A1B6-4578-85F8-833807753736}.Release|Any CPU.Build.0 = Release|Any CPU
		{92F53BEE-621C-44C8-9C22-C83DEC431F84}.Debug|Any CPU.ActiveCfg = Debug|Any CPU
		{92F53BEE-621C-44C8-9C22-C83DEC431F84}.Debug|Any CPU.Build.0 = Debug|Any CPU
		{92F53BEE-621C-44C8-9C22-C83DEC431F84}.Release|Any CPU.ActiveCfg = Release|Any CPU
		{92F53BEE-621C-44C8-9C22-C83DEC431F84}.Release|Any CPU.Build.0 = Release|Any CPU
		{A317137E-D8AD-4FB3-827D-AA66FA62AC48}.Debug|Any CPU.ActiveCfg = Debug|Any CPU
		{A317137E-D8AD-4FB3-827D-AA66FA62AC48}.Debug|Any CPU.Build.0 = Debug|Any CPU
		{A317137E-D8AD-4FB3-827D-AA66FA62AC48}.Release|Any CPU.ActiveCfg = Release|Any CPU
		{A317137E-D8AD-4FB3-827D-AA66FA62AC48}.Release|Any CPU.Build.0 = Release|Any CPU
		{30D09280-FC4A-4ABE-B328-FB2B16419617}.Debug|Any CPU.ActiveCfg = Debug|Any CPU
		{30D09280-FC4A-4ABE-B328-FB2B16419617}.Debug|Any CPU.Build.0 = Debug|Any CPU
		{30D09280-FC4A-4ABE-B328-FB2B16419617}.Release|Any CPU.ActiveCfg = Release|Any CPU
		{30D09280-FC4A-4ABE-B328-FB2B16419617}.Release|Any CPU.Build.0 = Release|Any CPU
		{26C5A4DC-27CA-4178-AEA1-4BB29815C20F}.Debug|Any CPU.ActiveCfg = Debug|Any CPU
		{26C5A4DC-27CA-4178-AEA1-4BB29815C20F}.Debug|Any CPU.Build.0 = Debug|Any CPU
		{26C5A4DC-27CA-4178-AEA1-4BB29815C20F}.Release|Any CPU.ActiveCfg = Release|Any CPU
		{26C5A4DC-27CA-4178-AEA1-4BB29815C20F}.Release|Any CPU.Build.0 = Release|Any CPU
		{34174A71-4EB0-4E72-AC5B-9CD4183D810D}.Debug|Any CPU.ActiveCfg = Debug|Any CPU
		{34174A71-4EB0-4E72-AC5B-9CD4183D810D}.Debug|Any CPU.Build.0 = Debug|Any CPU
		{34174A71-4EB0-4E72-AC5B-9CD4183D810D}.Release|Any CPU.ActiveCfg = Release|Any CPU
		{34174A71-4EB0-4E72-AC5B-9CD4183D810D}.Release|Any CPU.Build.0 = Release|Any CPU
		{20687FD1-D31C-48D9-B7AC-11A269AB4167}.Debug|Any CPU.ActiveCfg = Debug|Any CPU
		{20687FD1-D31C-48D9-B7AC-11A269AB4167}.Debug|Any CPU.Build.0 = Debug|Any CPU
		{20687FD1-D31C-48D9-B7AC-11A269AB4167}.Release|Any CPU.ActiveCfg = Release|Any CPU
		{20687FD1-D31C-48D9-B7AC-11A269AB4167}.Release|Any CPU.Build.0 = Release|Any CPU
		{FCC4DA85-C0CF-4334-B006-8C211F78FFAA}.Debug|Any CPU.ActiveCfg = Debug|Any CPU
		{FCC4DA85-C0CF-4334-B006-8C211F78FFAA}.Debug|Any CPU.Build.0 = Debug|Any CPU
		{FCC4DA85-C0CF-4334-B006-8C211F78FFAA}.Release|Any CPU.ActiveCfg = Release|Any CPU
		{FCC4DA85-C0CF-4334-B006-8C211F78FFAA}.Release|Any CPU.Build.0 = Release|Any CPU
		{142277B9-CDFF-4F31-93E1-26D95206F787}.Debug|Any CPU.ActiveCfg = Debug|Any CPU
		{142277B9-CDFF-4F31-93E1-26D95206F787}.Debug|Any CPU.Build.0 = Debug|Any CPU
		{142277B9-CDFF-4F31-93E1-26D95206F787}.Release|Any CPU.ActiveCfg = Release|Any CPU
		{142277B9-CDFF-4F31-93E1-26D95206F787}.Release|Any CPU.Build.0 = Release|Any CPU
		{0E169E27-87CC-418A-9C89-5E7C3C53499D}.Debug|Any CPU.ActiveCfg = Debug|Any CPU
		{0E169E27-87CC-418A-9C89-5E7C3C53499D}.Debug|Any CPU.Build.0 = Debug|Any CPU
		{0E169E27-87CC-418A-9C89-5E7C3C53499D}.Release|Any CPU.ActiveCfg = Release|Any CPU
		{0E169E27-87CC-418A-9C89-5E7C3C53499D}.Release|Any CPU.Build.0 = Release|Any CPU
		{92B965E5-5628-4B13-AC38-9D660BE96382}.Debug|Any CPU.ActiveCfg = Debug|Any CPU
		{92B965E5-5628-4B13-AC38-9D660BE96382}.Debug|Any CPU.Build.0 = Debug|Any CPU
		{92B965E5-5628-4B13-AC38-9D660BE96382}.Release|Any CPU.ActiveCfg = Release|Any CPU
		{92B965E5-5628-4B13-AC38-9D660BE96382}.Release|Any CPU.Build.0 = Release|Any CPU
		{847E0D5F-9B2E-4C08-ACC9-11B3F0E8CE25}.Debug|Any CPU.ActiveCfg = Debug|Any CPU
		{847E0D5F-9B2E-4C08-ACC9-11B3F0E8CE25}.Debug|Any CPU.Build.0 = Debug|Any CPU
		{847E0D5F-9B2E-4C08-ACC9-11B3F0E8CE25}.Release|Any CPU.ActiveCfg = Release|Any CPU
		{847E0D5F-9B2E-4C08-ACC9-11B3F0E8CE25}.Release|Any CPU.Build.0 = Release|Any CPU
		{3354FAD4-0A03-4B1C-B64E-DF0C9BB12AE9}.Debug|Any CPU.ActiveCfg = Debug|Any CPU
		{3354FAD4-0A03-4B1C-B64E-DF0C9BB12AE9}.Debug|Any CPU.Build.0 = Debug|Any CPU
		{3354FAD4-0A03-4B1C-B64E-DF0C9BB12AE9}.Release|Any CPU.ActiveCfg = Release|Any CPU
		{3354FAD4-0A03-4B1C-B64E-DF0C9BB12AE9}.Release|Any CPU.Build.0 = Release|Any CPU
		{9D5DC2AD-6E56-43E8-8EDE-F9A22B0A0BA5}.Debug|Any CPU.ActiveCfg = Debug|Any CPU
		{9D5DC2AD-6E56-43E8-8EDE-F9A22B0A0BA5}.Debug|Any CPU.Build.0 = Debug|Any CPU
		{9D5DC2AD-6E56-43E8-8EDE-F9A22B0A0BA5}.Release|Any CPU.ActiveCfg = Release|Any CPU
		{9D5DC2AD-6E56-43E8-8EDE-F9A22B0A0BA5}.Release|Any CPU.Build.0 = Release|Any CPU
		{403A930C-7588-4FF5-9217-D48AE073672F}.Debug|Any CPU.ActiveCfg = Debug|Any CPU
		{403A930C-7588-4FF5-9217-D48AE073672F}.Debug|Any CPU.Build.0 = Debug|Any CPU
		{403A930C-7588-4FF5-9217-D48AE073672F}.Release|Any CPU.ActiveCfg = Release|Any CPU
		{403A930C-7588-4FF5-9217-D48AE073672F}.Release|Any CPU.Build.0 = Release|Any CPU
		{51C1EFA1-49ED-8DFA-52F1-FB7E3363BD7E}.Debug|Any CPU.ActiveCfg = Debug|Any CPU
		{51C1EFA1-49ED-8DFA-52F1-FB7E3363BD7E}.Debug|Any CPU.Build.0 = Debug|Any CPU
		{51C1EFA1-49ED-8DFA-52F1-FB7E3363BD7E}.Release|Any CPU.ActiveCfg = Release|Any CPU
		{51C1EFA1-49ED-8DFA-52F1-FB7E3363BD7E}.Release|Any CPU.Build.0 = Release|Any CPU
		{F03FED76-20DB-B30E-51FF-188119B1BFB7}.Debug|Any CPU.ActiveCfg = Debug|Any CPU
		{F03FED76-20DB-B30E-51FF-188119B1BFB7}.Debug|Any CPU.Build.0 = Debug|Any CPU
		{F03FED76-20DB-B30E-51FF-188119B1BFB7}.Release|Any CPU.ActiveCfg = Debug|Any CPU
		{F03FED76-20DB-B30E-51FF-188119B1BFB7}.Release|Any CPU.Build.0 = Debug|Any CPU
		{212CD2C2-0622-49B9-B221-4435BC5EB2A8}.Debug|Any CPU.ActiveCfg = Debug|Any CPU
		{212CD2C2-0622-49B9-B221-4435BC5EB2A8}.Debug|Any CPU.Build.0 = Debug|Any CPU
		{212CD2C2-0622-49B9-B221-4435BC5EB2A8}.Release|Any CPU.ActiveCfg = Release|Any CPU
		{212CD2C2-0622-49B9-B221-4435BC5EB2A8}.Release|Any CPU.Build.0 = Release|Any CPU
		{EE83A0FF-ADB3-4E5A-8E1F-80B34D18899A}.Debug|Any CPU.ActiveCfg = Debug|Any CPU
		{EE83A0FF-ADB3-4E5A-8E1F-80B34D18899A}.Debug|Any CPU.Build.0 = Debug|Any CPU
		{EE83A0FF-ADB3-4E5A-8E1F-80B34D18899A}.Release|Any CPU.ActiveCfg = Release|Any CPU
		{EE83A0FF-ADB3-4E5A-8E1F-80B34D18899A}.Release|Any CPU.Build.0 = Release|Any CPU
	EndGlobalSection
	GlobalSection(SolutionProperties) = preSolution
		HideSolutionNode = FALSE
	EndGlobalSection
	GlobalSection(NestedProjects) = preSolution
		{1D30FB42-B71A-4B75-882B-14B67E3DBC66} = {D2C51FF6-2051-4A2E-829D-EE8DF9766886}
		{10EE2B26-BB22-4893-B681-54B5826A36C4} = {1D30FB42-B71A-4B75-882B-14B67E3DBC66}
		{1129EA4F-94DE-4B19-A9F4-2C47FD1903F2} = {1D30FB42-B71A-4B75-882B-14B67E3DBC66}
		{562835C6-4FD0-4644-BD54-42A5F61D4551} = {1D30FB42-B71A-4B75-882B-14B67E3DBC66}
		{C5882A23-4D9C-425C-9352-CC153B78456B} = {1D30FB42-B71A-4B75-882B-14B67E3DBC66}
		{5D324A17-A4F7-444C-9096-1B4A887FDDC4} = {D2C51FF6-2051-4A2E-829D-EE8DF9766886}
		{46D26060-A1B6-4578-85F8-833807753736} = {5D324A17-A4F7-444C-9096-1B4A887FDDC4}
		{92F53BEE-621C-44C8-9C22-C83DEC431F84} = {5D324A17-A4F7-444C-9096-1B4A887FDDC4}
		{A317137E-D8AD-4FB3-827D-AA66FA62AC48} = {5D324A17-A4F7-444C-9096-1B4A887FDDC4}
		{30D09280-FC4A-4ABE-B328-FB2B16419617} = {5D324A17-A4F7-444C-9096-1B4A887FDDC4}
		{B2D90B7C-3EDE-4075-BB7F-2C2F533F9EA8} = {D2C51FF6-2051-4A2E-829D-EE8DF9766886}
		{26C5A4DC-27CA-4178-AEA1-4BB29815C20F} = {B2D90B7C-3EDE-4075-BB7F-2C2F533F9EA8}
		{34174A71-4EB0-4E72-AC5B-9CD4183D810D} = {B2D90B7C-3EDE-4075-BB7F-2C2F533F9EA8}
		{20687FD1-D31C-48D9-B7AC-11A269AB4167} = {B2D90B7C-3EDE-4075-BB7F-2C2F533F9EA8}
		{FCC4DA85-C0CF-4334-B006-8C211F78FFAA} = {B2D90B7C-3EDE-4075-BB7F-2C2F533F9EA8}
		{D7E63E92-73BC-48C7-947E-6A8AA66F076A} = {D2C51FF6-2051-4A2E-829D-EE8DF9766886}
		{142277B9-CDFF-4F31-93E1-26D95206F787} = {D7E63E92-73BC-48C7-947E-6A8AA66F076A}
		{0E169E27-87CC-418A-9C89-5E7C3C53499D} = {D7E63E92-73BC-48C7-947E-6A8AA66F076A}
		{92B965E5-5628-4B13-AC38-9D660BE96382} = {D7E63E92-73BC-48C7-947E-6A8AA66F076A}
		{847E0D5F-9B2E-4C08-ACC9-11B3F0E8CE25} = {D7E63E92-73BC-48C7-947E-6A8AA66F076A}
		{3354FAD4-0A03-4B1C-B64E-DF0C9BB12AE9} = {05CC7355-41BA-4182-A967-2F40B80581AD}
		{9D5DC2AD-6E56-43E8-8EDE-F9A22B0A0BA5} = {05CC7355-41BA-4182-A967-2F40B80581AD}
		{403A930C-7588-4FF5-9217-D48AE073672F} = {02EA681E-C7D8-13C7-8484-4AC65E1B71E8}
		{51C1EFA1-49ED-8DFA-52F1-FB7E3363BD7E} = {05CC7355-41BA-4182-A967-2F40B80581AD}
		{FBC898DD-DA94-48AD-9DE8-7FC896D43E90} = {02EA681E-C7D8-13C7-8484-4AC65E1B71E8}
		{212CD2C2-0622-49B9-B221-4435BC5EB2A8} = {7D2A1ADB-9494-4C18-9586-1912BCD8A217}
		{EE83A0FF-ADB3-4E5A-8E1F-80B34D18899A} = {7D2A1ADB-9494-4C18-9586-1912BCD8A217}
		{720F491F-13E3-4D99-AB27-138B3D2D8EAB} = {FF7A2F53-7462-4F7F-ACA4-68D02844CCC7}
		{539447C2-BFB1-499F-B117-0A4DFD820FE0} = {720F491F-13E3-4D99-AB27-138B3D2D8EAB}
		{84FD85D4-A550-47F4-83E6-C80BCE121377} = {539447C2-BFB1-499F-B117-0A4DFD820FE0}
		{3523F1FB-FA20-4C1F-9072-792173E81191} = {539447C2-BFB1-499F-B117-0A4DFD820FE0}
		{EFD8041D-AD0C-4F78-8D00-C1628F47197C} = {720F491F-13E3-4D99-AB27-138B3D2D8EAB}
		{3155517F-1854-4E86-B1B0-4FD6E5449BC0} = {FF7A2F53-7462-4F7F-ACA4-68D02844CCC7}
	EndGlobalSection
	GlobalSection(ExtensibilityGlobals) = postSolution
		SolutionGuid = {D2B3E2DF-2001-4576-91A8-E30B7973D6D1}
	EndGlobalSection
EndGlobal
